
Microsoft Visual Studio Solution File, Format Version 11.00
# Visual Studio 2010
Project("{FAE04EC0-301F-11D3-BF4B-00C04F79EFBC}") = "fastCSharp.ui.vs2010", "ui\fastCSharp.ui.vs2010.csproj", "{3CF1E883-4EA7-4674-BB29-40F1365CB313}"
EndProject
Project("{FAE04EC0-301F-11D3-BF4B-00C04F79EFBC}") = "fastCSharp.vs2010", "fastCSharp\fastCSharp.vs2010.csproj", "{8CD9C769-7E9E-49CE-9E85-D2919A3C1752}"
EndProject
Project("{FAE04EC0-301F-11D3-BF4B-00C04F79EFBC}") = "demo.chatServer.vs2010", "demo\chatServer\demo.chatServer.vs2010.csproj", "{DABB4F4D-CA95-4A05-A80E-2B15C88D2B75}"
EndProject
Project("{FAE04EC0-301F-11D3-BF4B-00C04F79EFBC}") = "demo.chatClient.vs2010", "demo\chatClient\demo.chatClient.vs2010.csproj", "{5009F258-36B9-4966-B73E-C3F0E418D7B2}"
EndProject
Project("{FAE04EC0-301F-11D3-BF4B-00C04F79EFBC}") = "demo.memoryDatabase.vs2010", "demo\memoryDatabase\demo.memoryDatabase.vs2010.csproj", "{07DA0D72-3A15-4BE0-97F9-354CDD080C2B}"
EndProject
Project("{FAE04EC0-301F-11D3-BF4B-00C04F79EFBC}") = "demo.rawSocketListener.vs2010", "demo\rawSocketListener\demo.rawSocketListener.vs2010.csproj", "{F25336B5-7162-4355-8330-6599F218E633}"
EndProject
Project("{FAE04EC0-301F-11D3-BF4B-00C04F79EFBC}") = "demo.tcpPerformanceServer.vs2010", "demo\tcpPerformanceServer\demo.tcpPerformanceServer.vs2010.csproj", "{914DB575-134E-4115-9AB4-D54C3EA3B1B6}"
EndProject
Project("{FAE04EC0-301F-11D3-BF4B-00C04F79EFBC}") = "demo.tcpPerformanceClient.vs2010", "demo\tcpPerformanceClient\demo.tcpPerformanceClient.vs2010.csproj", "{28D0BE3B-657E-4A84-BD56-FD0D41F0B217}"
EndProject
Project("{FAE04EC0-301F-11D3-BF4B-00C04F79EFBC}") = "fastCSharp.tcpRegister.vs2010", "tool\tcpRegister\fastCSharp.tcpRegister.vs2010.csproj", "{DEC613B3-C203-458B-9E9C-43A9E10CDD94}"
EndProject
Project("{FAE04EC0-301F-11D3-BF4B-00C04F79EFBC}") = "demo.gifScreen.vs2010", "demo\gifScreen\demo.gifScreen.vs2010.csproj", "{BAB26C46-DD29-4AD0-83C3-8C04458306A3}"
EndProject
Project("{FAE04EC0-301F-11D3-BF4B-00C04F79EFBC}") = "demo.fileTransferClient.vs2010", "demo\fileTransferClient\demo.fileTransferClient.vs2010.csproj", "{CD466850-0E69-45D4-BBC3-42D642491814}"
EndProject
Project("{FAE04EC0-301F-11D3-BF4B-00C04F79EFBC}") = "demo.fileTransferServer.vs2010", "demo\fileTransferServer\demo.fileTransferServer.vs2010.csproj", "{4AAE8599-4617-43EC-99A1-4BC62EC2782F}"
EndProject
Project("{FAE04EC0-301F-11D3-BF4B-00C04F79EFBC}") = "demo.chatWeb.vs2010", "demo\chatWeb\demo.chatWeb.vs2010.csproj", "{1476711D-FDBD-45D0-9450-A505E8702D9B}"
EndProject
Project("{FAE04EC0-301F-11D3-BF4B-00C04F79EFBC}") = "fastCSharp.expand.vs2010", "tool\expand\fastCSharp.expand.vs2010.csproj", "{03568A9A-4EEE-4D47-B2BB-538DE72BBE95}"
EndProject
Project("{FAE04EC0-301F-11D3-BF4B-00C04F79EFBC}") = "fastCSharp.httpServer.vs2010", "tool\httpServer\fastCSharp.httpServer.vs2010.csproj", "{B5CFAF09-86DC-4C19-8F66-4CE47FCD592A}"
EndProject
Project("{FAE04EC0-301F-11D3-BF4B-00C04F79EFBC}") = "demo.httpSessionServer.vs2010", "demo\httpSessionServer\demo.httpSessionServer.vs2010.csproj", "{0172BA09-DA96-4136-BC99-4423816ACFC4}"
EndProject
Project("{FAE04EC0-301F-11D3-BF4B-00C04F79EFBC}") = "fastCSharp.processCopy.vs2010", "tool\processCopy\fastCSharp.processCopy.vs2010.csproj", "{37F91490-F52D-4E54-BB9B-C9B7EF265936}"
EndProject
Project("{FAE04EC0-301F-11D3-BF4B-00C04F79EFBC}") = "demo.loadBalancingTcpCommand.vs2010", "demo\loadBalancingTcpCommand\demo.loadBalancingTcpCommand.vs2010.csproj", "{42AF7649-1AD6-4629-B4F3-3BBA65983AFA}"
EndProject
Project("{FAE04EC0-301F-11D3-BF4B-00C04F79EFBC}") = "demo.loadBalancingTcpCommandWeb.vs2010", "demo\loadBalancingTcpCommandWeb\demo.loadBalancingTcpCommandWeb.vs2010.csproj", "{FC8109DF-6C5A-4A17-BBC9-494E81086B11}"
EndProject
Project("{FAE04EC0-301F-11D3-BF4B-00C04F79EFBC}") = "demo.virtualHost.vs2010", "demo\virtualHost\demo.virtualHost.vs2010.csproj", "{33CAC24B-855D-4294-9753-B3FD1EB91176}"
EndProject
Project("{FAE04EC0-301F-11D3-BF4B-00C04F79EFBC}") = "demo.udpPortServer.vs2010", "demo\udpPortServer\demo.udpPortServer.vs2010.csproj", "{F8428E98-D33F-48B2-80A3-09304AC588A5}"
EndProject
Project("{FAE04EC0-301F-11D3-BF4B-00C04F79EFBC}") = "demo.udpPortClient.vs2010", "demo\udpPortClient\demo.udpPortClient.vs2010.csproj", "{0398CCE6-7B0A-4D3D-BBC3-A32A40A91100}"
EndProject
Project("{FAE04EC0-301F-11D3-BF4B-00C04F79EFBC}") = "demo.htmlTitleCrawler.vs2010", "demo\htmlTitleCrawler\demo.htmlTitleCrawler.vs2010.csproj", "{83158E9B-11D4-4467-B480-4320C73430CC}"
EndProject
Project("{FAE04EC0-301F-11D3-BF4B-00C04F79EFBC}") = "demo.serializePerformance.vs2010", "demo\serializePerformance\demo.serializePerformance.vs2010.csproj", "{319B6DFF-E704-4FC6-B297-EE9E13BB9DFC}"
EndProject
Project("{FAE04EC0-301F-11D3-BF4B-00C04F79EFBC}") = "test.simplified.vs2010", "test\simplified\test.simplified.vs2010.csproj", "{CF89F1E7-B49F-4503-A023-919AC9EE6BDF}"
EndProject
Project("{FAE04EC0-301F-11D3-BF4B-00C04F79EFBC}") = "test.arrayHeap.vs2010", "test\arrayHeap\test.arrayHeap.vs2010.csproj", "{019598CC-A0E8-4D6D-A710-361DD5940D84}"
EndProject
Project("{FAE04EC0-301F-11D3-BF4B-00C04F79EFBC}") = "test.indexPool.vs2010", "test\indexPool\test.indexPool.vs2010.csproj", "{123B31ED-7438-4DCC-B246-526BA61F788C}"
EndProject
Project("{FAE04EC0-301F-11D3-BF4B-00C04F79EFBC}") = "test.methodWriter.vs2010", "test\methodWriter\test.methodWriter.vs2010.csproj", "{0C49309F-BA35-4897-8FAD-31CDB232FF4A}"
EndProject
Project("{FAE04EC0-301F-11D3-BF4B-00C04F79EFBC}") = "test.realPoll.vs2010", "test\realPoll\test.realPoll.vs2010.csproj", "{5DA5C250-3CF6-4747-97F0-4F39339CB224}"
EndProject
Project("{FAE04EC0-301F-11D3-BF4B-00C04F79EFBC}") = "test.mDbgEngine.vs2010", "test\mDbgEngine\test.mDbgEngine.vs2010.csproj", "{2784967D-1D33-43DC-8E61-0C7D9CFF5CAD}"
EndProject
Project("{FAE04EC0-301F-11D3-BF4B-00C04F79EFBC}") = "test.memoryGraph.vs2010", "test\memoryGraph\test.memoryGraph.vs2010.csproj", "{EAB7BAB8-7BA2-4C11-AF0F-3084E7BBC925}"
EndProject
Project("{FAE04EC0-301F-11D3-BF4B-00C04F79EFBC}") = "test.objectPointer.vs2010", "test\objectPointer\test.objectPointer.vs2010.csproj", "{5B6261D3-6AC5-4250-8A43-8A4EBCC1B236}"
EndProject
Project("{FAE04EC0-301F-11D3-BF4B-00C04F79EFBC}") = "test.concurrentNode.vs2010", "test\concurrentNode\test.concurrentNode.vs2010.csproj", "{B5623281-1119-4C29-8EC0-969292A02A77}"
EndProject
Project("{FAE04EC0-301F-11D3-BF4B-00C04F79EFBC}") = "test.uniqueHashCode.vs2010", "test\uniqueHashCode\test.uniqueHashCode.vs2010.csproj", "{CDF59B37-D9D0-40DD-8DB2-881F76E1C924}"
EndProject
Project("{FAE04EC0-301F-11D3-BF4B-00C04F79EFBC}") = "test.radixSort.vs2010", "test\radixSort\test.radixSort.vs2010.csproj", "{F7747D08-1779-44FC-AC0B-B281A4D61210}"
EndProject
Project("{FAE04EC0-301F-11D3-BF4B-00C04F79EFBC}") = "test.pack.vs2010", "test\pack\test.pack.vs2010.csproj", "{EC50C818-088D-4BBB-A718-A6AD3BC80E44}"
EndProject
Project("{FAE04EC0-301F-11D3-BF4B-00C04F79EFBC}") = "fastCSharp.deployServer.vs2010", "tool\deployServer\fastCSharp.deployServer.vs2010.csproj", "{782FF422-448A-46A8-8308-4077EC0FCB70}"
EndProject
Project("{FAE04EC0-301F-11D3-BF4B-00C04F79EFBC}") = "fastCSharp.deployClient.vs2010", "tool\deployClient\fastCSharp.deployClient.vs2010.csproj", "{41127EDC-B6C0-4053-B30F-25D51F411DBA}"
EndProject
Project("{FAE04EC0-301F-11D3-BF4B-00C04F79EFBC}") = "fastCSharp.document.vs2010", "document\fastCSharp.document.vs2010.csproj", "{E8E66F61-CFEC-4B65-859B-113D3B657A10}"
EndProject
Project("{FAE04EC0-301F-11D3-BF4B-00C04F79EFBC}") = "test.testCase.vs2010", "test\testCase\test.testCase.vs2010.csproj", "{2FED7D2B-DBB6-4D80-B316-7C99DC6CA3CD}"
EndProject
Project("{FAE04EC0-301F-11D3-BF4B-00C04F79EFBC}") = "demo.sqlModel.vs2010", "demo\sqlModel\demo.sqlModel.vs2010.csproj", "{E8F4F49B-808C-4EFD-BE42-FC3175428C7A}"
EndProject
Project("{FAE04EC0-301F-11D3-BF4B-00C04F79EFBC}") = "demo.sqlTableCacheServer.vs2010", "demo\sqlTableCacheServer\demo.sqlTableCacheServer.vs2010.csproj", "{D81E4021-39E5-480D-B9CA-043C216B625D}"
EndProject
Project("{FAE04EC0-301F-11D3-BF4B-00C04F79EFBC}") = "demo.sqlTableWeb.vs2010", "demo\sqlTableWeb\demo.sqlTableWeb.vs2010.csproj", "{D6F56CE6-4564-4266-B2B8-9DF573B2642F}"
EndProject
Global
	GlobalSection(SolutionConfigurationPlatforms) = preSolution
		Debug|Any CPU = Debug|Any CPU
		Debug|Mixed Platforms = Debug|Mixed Platforms
		Debug|x86 = Debug|x86
		Release|Any CPU = Release|Any CPU
		Release|Mixed Platforms = Release|Mixed Platforms
		Release|x86 = Release|x86
	EndGlobalSection
	GlobalSection(ProjectConfigurationPlatforms) = postSolution
		{3CF1E883-4EA7-4674-BB29-40F1365CB313}.Debug|Any CPU.ActiveCfg = Debug|Any CPU
		{3CF1E883-4EA7-4674-BB29-40F1365CB313}.Debug|Any CPU.Build.0 = Debug|Any CPU
		{3CF1E883-4EA7-4674-BB29-40F1365CB313}.Debug|Mixed Platforms.ActiveCfg = Debug|Any CPU
		{3CF1E883-4EA7-4674-BB29-40F1365CB313}.Debug|Mixed Platforms.Build.0 = Debug|Any CPU
		{3CF1E883-4EA7-4674-BB29-40F1365CB313}.Debug|x86.ActiveCfg = Debug|x86
		{3CF1E883-4EA7-4674-BB29-40F1365CB313}.Debug|x86.Build.0 = Debug|x86
		{3CF1E883-4EA7-4674-BB29-40F1365CB313}.Release|Any CPU.ActiveCfg = Release|Any CPU
		{3CF1E883-4EA7-4674-BB29-40F1365CB313}.Release|Any CPU.Build.0 = Release|Any CPU
		{3CF1E883-4EA7-4674-BB29-40F1365CB313}.Release|Mixed Platforms.ActiveCfg = Release|Any CPU
		{3CF1E883-4EA7-4674-BB29-40F1365CB313}.Release|x86.ActiveCfg = Release|x86
		{3CF1E883-4EA7-4674-BB29-40F1365CB313}.Release|x86.Build.0 = Release|x86
		{8CD9C769-7E9E-49CE-9E85-D2919A3C1752}.Debug|Any CPU.ActiveCfg = Debug|Any CPU
		{8CD9C769-7E9E-49CE-9E85-D2919A3C1752}.Debug|Any CPU.Build.0 = Debug|Any CPU
		{8CD9C769-7E9E-49CE-9E85-D2919A3C1752}.Debug|Mixed Platforms.ActiveCfg = Debug|Any CPU
		{8CD9C769-7E9E-49CE-9E85-D2919A3C1752}.Debug|Mixed Platforms.Build.0 = Debug|Any CPU
		{8CD9C769-7E9E-49CE-9E85-D2919A3C1752}.Debug|x86.ActiveCfg = Debug|Any CPU
		{8CD9C769-7E9E-49CE-9E85-D2919A3C1752}.Release|Any CPU.ActiveCfg = Release|Any CPU
		{8CD9C769-7E9E-49CE-9E85-D2919A3C1752}.Release|Any CPU.Build.0 = Release|Any CPU
		{8CD9C769-7E9E-49CE-9E85-D2919A3C1752}.Release|Mixed Platforms.ActiveCfg = Release|Any CPU
		{8CD9C769-7E9E-49CE-9E85-D2919A3C1752}.Release|Mixed Platforms.Build.0 = Release|Any CPU
		{8CD9C769-7E9E-49CE-9E85-D2919A3C1752}.Release|x86.ActiveCfg = Release|Any CPU
		{DABB4F4D-CA95-4A05-A80E-2B15C88D2B75}.Debug|Any CPU.ActiveCfg = Debug|Any CPU
		{DABB4F4D-CA95-4A05-A80E-2B15C88D2B75}.Debug|Any CPU.Build.0 = Debug|Any CPU
		{DABB4F4D-CA95-4A05-A80E-2B15C88D2B75}.Debug|Mixed Platforms.ActiveCfg = Debug|x86
		{DABB4F4D-CA95-4A05-A80E-2B15C88D2B75}.Debug|Mixed Platforms.Build.0 = Debug|x86
		{DABB4F4D-CA95-4A05-A80E-2B15C88D2B75}.Debug|x86.ActiveCfg = Debug|x86
		{DABB4F4D-CA95-4A05-A80E-2B15C88D2B75}.Debug|x86.Build.0 = Debug|x86
		{DABB4F4D-CA95-4A05-A80E-2B15C88D2B75}.Release|Any CPU.ActiveCfg = Release|Any CPU
		{DABB4F4D-CA95-4A05-A80E-2B15C88D2B75}.Release|Any CPU.Build.0 = Release|Any CPU
		{DABB4F4D-CA95-4A05-A80E-2B15C88D2B75}.Release|Mixed Platforms.ActiveCfg = Release|Any CPU
		{DABB4F4D-CA95-4A05-A80E-2B15C88D2B75}.Release|Mixed Platforms.Build.0 = Release|Any CPU
		{DABB4F4D-CA95-4A05-A80E-2B15C88D2B75}.Release|x86.ActiveCfg = Release|x86
		{DABB4F4D-CA95-4A05-A80E-2B15C88D2B75}.Release|x86.Build.0 = Release|x86
		{5009F258-36B9-4966-B73E-C3F0E418D7B2}.Debug|Any CPU.ActiveCfg = Debug|Any CPU
		{5009F258-36B9-4966-B73E-C3F0E418D7B2}.Debug|Any CPU.Build.0 = Debug|Any CPU
		{5009F258-36B9-4966-B73E-C3F0E418D7B2}.Debug|Mixed Platforms.ActiveCfg = Debug|x86
		{5009F258-36B9-4966-B73E-C3F0E418D7B2}.Debug|Mixed Platforms.Build.0 = Debug|x86
		{5009F258-36B9-4966-B73E-C3F0E418D7B2}.Debug|x86.ActiveCfg = Debug|x86
		{5009F258-36B9-4966-B73E-C3F0E418D7B2}.Debug|x86.Build.0 = Debug|x86
		{5009F258-36B9-4966-B73E-C3F0E418D7B2}.Release|Any CPU.ActiveCfg = Release|Any CPU
		{5009F258-36B9-4966-B73E-C3F0E418D7B2}.Release|Any CPU.Build.0 = Release|Any CPU
		{5009F258-36B9-4966-B73E-C3F0E418D7B2}.Release|Mixed Platforms.ActiveCfg = Release|Any CPU
		{5009F258-36B9-4966-B73E-C3F0E418D7B2}.Release|Mixed Platforms.Build.0 = Release|Any CPU
		{5009F258-36B9-4966-B73E-C3F0E418D7B2}.Release|x86.ActiveCfg = Release|x86
		{5009F258-36B9-4966-B73E-C3F0E418D7B2}.Release|x86.Build.0 = Release|x86
		{07DA0D72-3A15-4BE0-97F9-354CDD080C2B}.Debug|Any CPU.ActiveCfg = Debug|Any CPU
		{07DA0D72-3A15-4BE0-97F9-354CDD080C2B}.Debug|Any CPU.Build.0 = Debug|Any CPU
		{07DA0D72-3A15-4BE0-97F9-354CDD080C2B}.Debug|Mixed Platforms.ActiveCfg = Debug|x86
		{07DA0D72-3A15-4BE0-97F9-354CDD080C2B}.Debug|Mixed Platforms.Build.0 = Debug|x86
		{07DA0D72-3A15-4BE0-97F9-354CDD080C2B}.Debug|x86.ActiveCfg = Debug|x86
		{07DA0D72-3A15-4BE0-97F9-354CDD080C2B}.Debug|x86.Build.0 = Debug|x86
		{07DA0D72-3A15-4BE0-97F9-354CDD080C2B}.Release|Any CPU.ActiveCfg = Release|Any CPU
		{07DA0D72-3A15-4BE0-97F9-354CDD080C2B}.Release|Any CPU.Build.0 = Release|Any CPU
		{07DA0D72-3A15-4BE0-97F9-354CDD080C2B}.Release|Mixed Platforms.ActiveCfg = Release|x86
		{07DA0D72-3A15-4BE0-97F9-354CDD080C2B}.Release|Mixed Platforms.Build.0 = Release|x86
		{07DA0D72-3A15-4BE0-97F9-354CDD080C2B}.Release|x86.ActiveCfg = Release|x86
		{07DA0D72-3A15-4BE0-97F9-354CDD080C2B}.Release|x86.Build.0 = Release|x86
		{F25336B5-7162-4355-8330-6599F218E633}.Debug|Any CPU.ActiveCfg = Debug|Any CPU
		{F25336B5-7162-4355-8330-6599F218E633}.Debug|Any CPU.Build.0 = Debug|Any CPU
		{F25336B5-7162-4355-8330-6599F218E633}.Debug|Mixed Platforms.ActiveCfg = Debug|x86
		{F25336B5-7162-4355-8330-6599F218E633}.Debug|Mixed Platforms.Build.0 = Debug|x86
		{F25336B5-7162-4355-8330-6599F218E633}.Debug|x86.ActiveCfg = Debug|x86
		{F25336B5-7162-4355-8330-6599F218E633}.Debug|x86.Build.0 = Debug|x86
		{F25336B5-7162-4355-8330-6599F218E633}.Release|Any CPU.ActiveCfg = Release|Any CPU
		{F25336B5-7162-4355-8330-6599F218E633}.Release|Any CPU.Build.0 = Release|Any CPU
		{F25336B5-7162-4355-8330-6599F218E633}.Release|Mixed Platforms.ActiveCfg = Release|x86
		{F25336B5-7162-4355-8330-6599F218E633}.Release|Mixed Platforms.Build.0 = Release|x86
		{F25336B5-7162-4355-8330-6599F218E633}.Release|x86.ActiveCfg = Release|x86
		{F25336B5-7162-4355-8330-6599F218E633}.Release|x86.Build.0 = Release|x86
		{914DB575-134E-4115-9AB4-D54C3EA3B1B6}.Debug|Any CPU.ActiveCfg = Debug|Any CPU
		{914DB575-134E-4115-9AB4-D54C3EA3B1B6}.Debug|Any CPU.Build.0 = Debug|Any CPU
		{914DB575-134E-4115-9AB4-D54C3EA3B1B6}.Debug|Mixed Platforms.ActiveCfg = Debug|x86
		{914DB575-134E-4115-9AB4-D54C3EA3B1B6}.Debug|Mixed Platforms.Build.0 = Debug|x86
		{914DB575-134E-4115-9AB4-D54C3EA3B1B6}.Debug|x86.ActiveCfg = Debug|x86
		{914DB575-134E-4115-9AB4-D54C3EA3B1B6}.Debug|x86.Build.0 = Debug|x86
		{914DB575-134E-4115-9AB4-D54C3EA3B1B6}.Release|Any CPU.ActiveCfg = Release|Any CPU
		{914DB575-134E-4115-9AB4-D54C3EA3B1B6}.Release|Any CPU.Build.0 = Release|Any CPU
		{914DB575-134E-4115-9AB4-D54C3EA3B1B6}.Release|Mixed Platforms.ActiveCfg = Release|x86
		{914DB575-134E-4115-9AB4-D54C3EA3B1B6}.Release|Mixed Platforms.Build.0 = Release|x86
		{914DB575-134E-4115-9AB4-D54C3EA3B1B6}.Release|x86.ActiveCfg = Release|x86
		{914DB575-134E-4115-9AB4-D54C3EA3B1B6}.Release|x86.Build.0 = Release|x86
		{28D0BE3B-657E-4A84-BD56-FD0D41F0B217}.Debug|Any CPU.ActiveCfg = Debug|Any CPU
		{28D0BE3B-657E-4A84-BD56-FD0D41F0B217}.Debug|Any CPU.Build.0 = Debug|Any CPU
		{28D0BE3B-657E-4A84-BD56-FD0D41F0B217}.Debug|Mixed Platforms.ActiveCfg = Debug|x86
		{28D0BE3B-657E-4A84-BD56-FD0D41F0B217}.Debug|Mixed Platforms.Build.0 = Debug|x86
		{28D0BE3B-657E-4A84-BD56-FD0D41F0B217}.Debug|x86.ActiveCfg = Debug|x86
		{28D0BE3B-657E-4A84-BD56-FD0D41F0B217}.Debug|x86.Build.0 = Debug|x86
		{28D0BE3B-657E-4A84-BD56-FD0D41F0B217}.Release|Any CPU.ActiveCfg = Release|Any CPU
		{28D0BE3B-657E-4A84-BD56-FD0D41F0B217}.Release|Any CPU.Build.0 = Release|Any CPU
		{28D0BE3B-657E-4A84-BD56-FD0D41F0B217}.Release|Mixed Platforms.ActiveCfg = Release|x86
		{28D0BE3B-657E-4A84-BD56-FD0D41F0B217}.Release|Mixed Platforms.Build.0 = Release|x86
		{28D0BE3B-657E-4A84-BD56-FD0D41F0B217}.Release|x86.ActiveCfg = Release|x86
		{28D0BE3B-657E-4A84-BD56-FD0D41F0B217}.Release|x86.Build.0 = Release|x86
		{DEC613B3-C203-458B-9E9C-43A9E10CDD94}.Debug|Any CPU.ActiveCfg = Debug|Any CPU
		{DEC613B3-C203-458B-9E9C-43A9E10CDD94}.Debug|Any CPU.Build.0 = Debug|Any CPU
		{DEC613B3-C203-458B-9E9C-43A9E10CDD94}.Debug|Mixed Platforms.ActiveCfg = Debug|x86
		{DEC613B3-C203-458B-9E9C-43A9E10CDD94}.Debug|Mixed Platforms.Build.0 = Debug|x86
		{DEC613B3-C203-458B-9E9C-43A9E10CDD94}.Debug|x86.ActiveCfg = Debug|x86
		{DEC613B3-C203-458B-9E9C-43A9E10CDD94}.Debug|x86.Build.0 = Debug|x86
		{DEC613B3-C203-458B-9E9C-43A9E10CDD94}.Release|Any CPU.ActiveCfg = Release|Any CPU
		{DEC613B3-C203-458B-9E9C-43A9E10CDD94}.Release|Any CPU.Build.0 = Release|Any CPU
		{DEC613B3-C203-458B-9E9C-43A9E10CDD94}.Release|Mixed Platforms.ActiveCfg = Release|x86
		{DEC613B3-C203-458B-9E9C-43A9E10CDD94}.Release|Mixed Platforms.Build.0 = Release|x86
		{DEC613B3-C203-458B-9E9C-43A9E10CDD94}.Release|x86.ActiveCfg = Release|x86
		{DEC613B3-C203-458B-9E9C-43A9E10CDD94}.Release|x86.Build.0 = Release|x86
		{BAB26C46-DD29-4AD0-83C3-8C04458306A3}.Debug|Any CPU.ActiveCfg = Debug|Any CPU
		{BAB26C46-DD29-4AD0-83C3-8C04458306A3}.Debug|Any CPU.Build.0 = Debug|Any CPU
		{BAB26C46-DD29-4AD0-83C3-8C04458306A3}.Debug|Mixed Platforms.ActiveCfg = Debug|x86
		{BAB26C46-DD29-4AD0-83C3-8C04458306A3}.Debug|Mixed Platforms.Build.0 = Debug|x86
		{BAB26C46-DD29-4AD0-83C3-8C04458306A3}.Debug|x86.ActiveCfg = Debug|x86
		{BAB26C46-DD29-4AD0-83C3-8C04458306A3}.Debug|x86.Build.0 = Debug|x86
		{BAB26C46-DD29-4AD0-83C3-8C04458306A3}.Release|Any CPU.ActiveCfg = Release|Any CPU
		{BAB26C46-DD29-4AD0-83C3-8C04458306A3}.Release|Any CPU.Build.0 = Release|Any CPU
		{BAB26C46-DD29-4AD0-83C3-8C04458306A3}.Release|Mixed Platforms.ActiveCfg = Release|Any CPU
		{BAB26C46-DD29-4AD0-83C3-8C04458306A3}.Release|Mixed Platforms.Build.0 = Release|Any CPU
		{BAB26C46-DD29-4AD0-83C3-8C04458306A3}.Release|x86.ActiveCfg = Release|x86
		{BAB26C46-DD29-4AD0-83C3-8C04458306A3}.Release|x86.Build.0 = Release|x86
		{CD466850-0E69-45D4-BBC3-42D642491814}.Debug|Any CPU.ActiveCfg = Debug|Any CPU
		{CD466850-0E69-45D4-BBC3-42D642491814}.Debug|Any CPU.Build.0 = Debug|Any CPU
		{CD466850-0E69-45D4-BBC3-42D642491814}.Debug|Mixed Platforms.ActiveCfg = Debug|x86
		{CD466850-0E69-45D4-BBC3-42D642491814}.Debug|Mixed Platforms.Build.0 = Debug|x86
		{CD466850-0E69-45D4-BBC3-42D642491814}.Debug|x86.ActiveCfg = Debug|x86
		{CD466850-0E69-45D4-BBC3-42D642491814}.Debug|x86.Build.0 = Debug|x86
		{CD466850-0E69-45D4-BBC3-42D642491814}.Release|Any CPU.ActiveCfg = Release|Any CPU
		{CD466850-0E69-45D4-BBC3-42D642491814}.Release|Any CPU.Build.0 = Release|Any CPU
		{CD466850-0E69-45D4-BBC3-42D642491814}.Release|Mixed Platforms.ActiveCfg = Release|Any CPU
		{CD466850-0E69-45D4-BBC3-42D642491814}.Release|Mixed Platforms.Build.0 = Release|Any CPU
		{CD466850-0E69-45D4-BBC3-42D642491814}.Release|x86.ActiveCfg = Release|x86
		{CD466850-0E69-45D4-BBC3-42D642491814}.Release|x86.Build.0 = Release|x86
		{4AAE8599-4617-43EC-99A1-4BC62EC2782F}.Debug|Any CPU.ActiveCfg = Debug|Any CPU
		{4AAE8599-4617-43EC-99A1-4BC62EC2782F}.Debug|Any CPU.Build.0 = Debug|Any CPU
		{4AAE8599-4617-43EC-99A1-4BC62EC2782F}.Debug|Mixed Platforms.ActiveCfg = Debug|x86
		{4AAE8599-4617-43EC-99A1-4BC62EC2782F}.Debug|Mixed Platforms.Build.0 = Debug|x86
		{4AAE8599-4617-43EC-99A1-4BC62EC2782F}.Debug|x86.ActiveCfg = Debug|x86
		{4AAE8599-4617-43EC-99A1-4BC62EC2782F}.Debug|x86.Build.0 = Debug|x86
		{4AAE8599-4617-43EC-99A1-4BC62EC2782F}.Release|Any CPU.ActiveCfg = Release|Any CPU
		{4AAE8599-4617-43EC-99A1-4BC62EC2782F}.Release|Any CPU.Build.0 = Release|Any CPU
		{4AAE8599-4617-43EC-99A1-4BC62EC2782F}.Release|Mixed Platforms.ActiveCfg = Release|Any CPU
		{4AAE8599-4617-43EC-99A1-4BC62EC2782F}.Release|Mixed Platforms.Build.0 = Release|Any CPU
		{4AAE8599-4617-43EC-99A1-4BC62EC2782F}.Release|x86.ActiveCfg = Release|x86
		{4AAE8599-4617-43EC-99A1-4BC62EC2782F}.Release|x86.Build.0 = Release|x86
		{1476711D-FDBD-45D0-9450-A505E8702D9B}.Debug|Any CPU.ActiveCfg = Debug|Any CPU
		{1476711D-FDBD-45D0-9450-A505E8702D9B}.Debug|Any CPU.Build.0 = Debug|Any CPU
		{1476711D-FDBD-45D0-9450-A505E8702D9B}.Debug|Mixed Platforms.ActiveCfg = Debug|x86
		{1476711D-FDBD-45D0-9450-A505E8702D9B}.Debug|Mixed Platforms.Build.0 = Debug|x86
		{1476711D-FDBD-45D0-9450-A505E8702D9B}.Debug|x86.ActiveCfg = Debug|x86
		{1476711D-FDBD-45D0-9450-A505E8702D9B}.Debug|x86.Build.0 = Debug|x86
		{1476711D-FDBD-45D0-9450-A505E8702D9B}.Release|Any CPU.ActiveCfg = Release|Any CPU
		{1476711D-FDBD-45D0-9450-A505E8702D9B}.Release|Any CPU.Build.0 = Release|Any CPU
		{1476711D-FDBD-45D0-9450-A505E8702D9B}.Release|Mixed Platforms.ActiveCfg = Release|Any CPU
		{1476711D-FDBD-45D0-9450-A505E8702D9B}.Release|Mixed Platforms.Build.0 = Release|Any CPU
		{1476711D-FDBD-45D0-9450-A505E8702D9B}.Release|x86.ActiveCfg = Release|x86
		{1476711D-FDBD-45D0-9450-A505E8702D9B}.Release|x86.Build.0 = Release|x86
		{03568A9A-4EEE-4D47-B2BB-538DE72BBE95}.Debug|Any CPU.ActiveCfg = Debug|Any CPU
		{03568A9A-4EEE-4D47-B2BB-538DE72BBE95}.Debug|Any CPU.Build.0 = Debug|Any CPU
		{03568A9A-4EEE-4D47-B2BB-538DE72BBE95}.Debug|Mixed Platforms.ActiveCfg = Debug|Any CPU
		{03568A9A-4EEE-4D47-B2BB-538DE72BBE95}.Debug|Mixed Platforms.Build.0 = Debug|Any CPU
		{03568A9A-4EEE-4D47-B2BB-538DE72BBE95}.Debug|x86.ActiveCfg = Debug|Any CPU
		{03568A9A-4EEE-4D47-B2BB-538DE72BBE95}.Release|Any CPU.ActiveCfg = Release|Any CPU
		{03568A9A-4EEE-4D47-B2BB-538DE72BBE95}.Release|Any CPU.Build.0 = Release|Any CPU
		{03568A9A-4EEE-4D47-B2BB-538DE72BBE95}.Release|Mixed Platforms.ActiveCfg = Release|Any CPU
		{03568A9A-4EEE-4D47-B2BB-538DE72BBE95}.Release|Mixed Platforms.Build.0 = Release|Any CPU
		{03568A9A-4EEE-4D47-B2BB-538DE72BBE95}.Release|x86.ActiveCfg = Release|Any CPU
		{B5CFAF09-86DC-4C19-8F66-4CE47FCD592A}.Debug|Any CPU.ActiveCfg = Debug|Any CPU
		{B5CFAF09-86DC-4C19-8F66-4CE47FCD592A}.Debug|Any CPU.Build.0 = Debug|Any CPU
		{B5CFAF09-86DC-4C19-8F66-4CE47FCD592A}.Debug|Mixed Platforms.ActiveCfg = Debug|x86
		{B5CFAF09-86DC-4C19-8F66-4CE47FCD592A}.Debug|Mixed Platforms.Build.0 = Debug|x86
		{B5CFAF09-86DC-4C19-8F66-4CE47FCD592A}.Debug|x86.ActiveCfg = Debug|x86
		{B5CFAF09-86DC-4C19-8F66-4CE47FCD592A}.Debug|x86.Build.0 = Debug|x86
		{B5CFAF09-86DC-4C19-8F66-4CE47FCD592A}.Release|Any CPU.ActiveCfg = Release|Any CPU
		{B5CFAF09-86DC-4C19-8F66-4CE47FCD592A}.Release|Any CPU.Build.0 = Release|Any CPU
		{B5CFAF09-86DC-4C19-8F66-4CE47FCD592A}.Release|Mixed Platforms.ActiveCfg = Release|x86
		{B5CFAF09-86DC-4C19-8F66-4CE47FCD592A}.Release|Mixed Platforms.Build.0 = Release|x86
		{B5CFAF09-86DC-4C19-8F66-4CE47FCD592A}.Release|x86.ActiveCfg = Release|x86
		{B5CFAF09-86DC-4C19-8F66-4CE47FCD592A}.Release|x86.Build.0 = Release|x86
		{0172BA09-DA96-4136-BC99-4423816ACFC4}.Debug|Any CPU.ActiveCfg = Debug|Any CPU
		{0172BA09-DA96-4136-BC99-4423816ACFC4}.Debug|Any CPU.Build.0 = Debug|Any CPU
		{0172BA09-DA96-4136-BC99-4423816ACFC4}.Debug|Mixed Platforms.ActiveCfg = Debug|x86
		{0172BA09-DA96-4136-BC99-4423816ACFC4}.Debug|Mixed Platforms.Build.0 = Debug|x86
		{0172BA09-DA96-4136-BC99-4423816ACFC4}.Debug|x86.ActiveCfg = Debug|x86
		{0172BA09-DA96-4136-BC99-4423816ACFC4}.Debug|x86.Build.0 = Debug|x86
		{0172BA09-DA96-4136-BC99-4423816ACFC4}.Release|Any CPU.ActiveCfg = Release|Any CPU
		{0172BA09-DA96-4136-BC99-4423816ACFC4}.Release|Any CPU.Build.0 = Release|Any CPU
		{0172BA09-DA96-4136-BC99-4423816ACFC4}.Release|Mixed Platforms.ActiveCfg = Release|Any CPU
		{0172BA09-DA96-4136-BC99-4423816ACFC4}.Release|Mixed Platforms.Build.0 = Release|Any CPU
		{0172BA09-DA96-4136-BC99-4423816ACFC4}.Release|x86.ActiveCfg = Release|x86
		{0172BA09-DA96-4136-BC99-4423816ACFC4}.Release|x86.Build.0 = Release|x86
		{37F91490-F52D-4E54-BB9B-C9B7EF265936}.Debug|Any CPU.ActiveCfg = Debug|Any CPU
		{37F91490-F52D-4E54-BB9B-C9B7EF265936}.Debug|Any CPU.Build.0 = Debug|Any CPU
		{37F91490-F52D-4E54-BB9B-C9B7EF265936}.Debug|Mixed Platforms.ActiveCfg = Debug|x86
		{37F91490-F52D-4E54-BB9B-C9B7EF265936}.Debug|Mixed Platforms.Build.0 = Debug|x86
		{37F91490-F52D-4E54-BB9B-C9B7EF265936}.Debug|x86.ActiveCfg = Debug|x86
		{37F91490-F52D-4E54-BB9B-C9B7EF265936}.Debug|x86.Build.0 = Debug|x86
		{37F91490-F52D-4E54-BB9B-C9B7EF265936}.Release|Any CPU.ActiveCfg = Release|Any CPU
		{37F91490-F52D-4E54-BB9B-C9B7EF265936}.Release|Any CPU.Build.0 = Release|Any CPU
		{37F91490-F52D-4E54-BB9B-C9B7EF265936}.Release|Mixed Platforms.ActiveCfg = Release|x86
		{37F91490-F52D-4E54-BB9B-C9B7EF265936}.Release|Mixed Platforms.Build.0 = Release|x86
		{37F91490-F52D-4E54-BB9B-C9B7EF265936}.Release|x86.ActiveCfg = Release|x86
		{37F91490-F52D-4E54-BB9B-C9B7EF265936}.Release|x86.Build.0 = Release|x86
		{42AF7649-1AD6-4629-B4F3-3BBA65983AFA}.Debug|Any CPU.ActiveCfg = Debug|Any CPU
		{42AF7649-1AD6-4629-B4F3-3BBA65983AFA}.Debug|Any CPU.Build.0 = Debug|Any CPU
		{42AF7649-1AD6-4629-B4F3-3BBA65983AFA}.Debug|Mixed Platforms.ActiveCfg = Debug|x86
		{42AF7649-1AD6-4629-B4F3-3BBA65983AFA}.Debug|Mixed Platforms.Build.0 = Debug|x86
		{42AF7649-1AD6-4629-B4F3-3BBA65983AFA}.Debug|x86.ActiveCfg = Debug|x86
		{42AF7649-1AD6-4629-B4F3-3BBA65983AFA}.Debug|x86.Build.0 = Debug|x86
		{42AF7649-1AD6-4629-B4F3-3BBA65983AFA}.Release|Any CPU.ActiveCfg = Release|Any CPU
		{42AF7649-1AD6-4629-B4F3-3BBA65983AFA}.Release|Any CPU.Build.0 = Release|Any CPU
		{42AF7649-1AD6-4629-B4F3-3BBA65983AFA}.Release|Mixed Platforms.ActiveCfg = Release|Any CPU
		{42AF7649-1AD6-4629-B4F3-3BBA65983AFA}.Release|Mixed Platforms.Build.0 = Release|Any CPU
		{42AF7649-1AD6-4629-B4F3-3BBA65983AFA}.Release|x86.ActiveCfg = Release|x86
		{42AF7649-1AD6-4629-B4F3-3BBA65983AFA}.Release|x86.Build.0 = Release|x86
		{FC8109DF-6C5A-4A17-BBC9-494E81086B11}.Debug|Any CPU.ActiveCfg = Debug|Any CPU
		{FC8109DF-6C5A-4A17-BBC9-494E81086B11}.Debug|Any CPU.Build.0 = Debug|Any CPU
		{FC8109DF-6C5A-4A17-BBC9-494E81086B11}.Debug|Mixed Platforms.ActiveCfg = Debug|x86
		{FC8109DF-6C5A-4A17-BBC9-494E81086B11}.Debug|Mixed Platforms.Build.0 = Debug|x86
		{FC8109DF-6C5A-4A17-BBC9-494E81086B11}.Debug|x86.ActiveCfg = Debug|x86
		{FC8109DF-6C5A-4A17-BBC9-494E81086B11}.Debug|x86.Build.0 = Debug|x86
		{FC8109DF-6C5A-4A17-BBC9-494E81086B11}.Release|Any CPU.ActiveCfg = Release|Any CPU
		{FC8109DF-6C5A-4A17-BBC9-494E81086B11}.Release|Any CPU.Build.0 = Release|Any CPU
		{FC8109DF-6C5A-4A17-BBC9-494E81086B11}.Release|Mixed Platforms.ActiveCfg = Release|x86
		{FC8109DF-6C5A-4A17-BBC9-494E81086B11}.Release|Mixed Platforms.Build.0 = Release|x86
		{FC8109DF-6C5A-4A17-BBC9-494E81086B11}.Release|x86.ActiveCfg = Release|x86
		{FC8109DF-6C5A-4A17-BBC9-494E81086B11}.Release|x86.Build.0 = Release|x86
		{33CAC24B-855D-4294-9753-B3FD1EB91176}.Debug|Any CPU.ActiveCfg = Debug|Any CPU
		{33CAC24B-855D-4294-9753-B3FD1EB91176}.Debug|Any CPU.Build.0 = Debug|Any CPU
		{33CAC24B-855D-4294-9753-B3FD1EB91176}.Debug|Mixed Platforms.ActiveCfg = Debug|x86
		{33CAC24B-855D-4294-9753-B3FD1EB91176}.Debug|Mixed Platforms.Build.0 = Debug|x86
		{33CAC24B-855D-4294-9753-B3FD1EB91176}.Debug|x86.ActiveCfg = Debug|x86
		{33CAC24B-855D-4294-9753-B3FD1EB91176}.Debug|x86.Build.0 = Debug|x86
		{33CAC24B-855D-4294-9753-B3FD1EB91176}.Release|Any CPU.ActiveCfg = Release|Any CPU
		{33CAC24B-855D-4294-9753-B3FD1EB91176}.Release|Any CPU.Build.0 = Release|Any CPU
		{33CAC24B-855D-4294-9753-B3FD1EB91176}.Release|Mixed Platforms.ActiveCfg = Release|x86
		{33CAC24B-855D-4294-9753-B3FD1EB91176}.Release|Mixed Platforms.Build.0 = Release|x86
		{33CAC24B-855D-4294-9753-B3FD1EB91176}.Release|x86.ActiveCfg = Release|x86
		{33CAC24B-855D-4294-9753-B3FD1EB91176}.Release|x86.Build.0 = Release|x86
		{F8428E98-D33F-48B2-80A3-09304AC588A5}.Debug|Any CPU.ActiveCfg = Debug|Any CPU
		{F8428E98-D33F-48B2-80A3-09304AC588A5}.Debug|Any CPU.Build.0 = Debug|Any CPU
		{F8428E98-D33F-48B2-80A3-09304AC588A5}.Debug|Mixed Platforms.ActiveCfg = Debug|x86
		{F8428E98-D33F-48B2-80A3-09304AC588A5}.Debug|Mixed Platforms.Build.0 = Debug|x86
		{F8428E98-D33F-48B2-80A3-09304AC588A5}.Debug|x86.ActiveCfg = Debug|x86
		{F8428E98-D33F-48B2-80A3-09304AC588A5}.Debug|x86.Build.0 = Debug|x86
		{F8428E98-D33F-48B2-80A3-09304AC588A5}.Release|Any CPU.ActiveCfg = Release|Any CPU
		{F8428E98-D33F-48B2-80A3-09304AC588A5}.Release|Any CPU.Build.0 = Release|Any CPU
		{F8428E98-D33F-48B2-80A3-09304AC588A5}.Release|Mixed Platforms.ActiveCfg = Release|x86
		{F8428E98-D33F-48B2-80A3-09304AC588A5}.Release|Mixed Platforms.Build.0 = Release|x86
		{F8428E98-D33F-48B2-80A3-09304AC588A5}.Release|x86.ActiveCfg = Release|x86
		{F8428E98-D33F-48B2-80A3-09304AC588A5}.Release|x86.Build.0 = Release|x86
		{0398CCE6-7B0A-4D3D-BBC3-A32A40A91100}.Debug|Any CPU.ActiveCfg = Debug|Any CPU
		{0398CCE6-7B0A-4D3D-BBC3-A32A40A91100}.Debug|Any CPU.Build.0 = Debug|Any CPU
		{0398CCE6-7B0A-4D3D-BBC3-A32A40A91100}.Debug|Mixed Platforms.ActiveCfg = Debug|x86
		{0398CCE6-7B0A-4D3D-BBC3-A32A40A91100}.Debug|Mixed Platforms.Build.0 = Debug|x86
		{0398CCE6-7B0A-4D3D-BBC3-A32A40A91100}.Debug|x86.ActiveCfg = Debug|x86
		{0398CCE6-7B0A-4D3D-BBC3-A32A40A91100}.Debug|x86.Build.0 = Debug|x86
		{0398CCE6-7B0A-4D3D-BBC3-A32A40A91100}.Release|Any CPU.ActiveCfg = Release|Any CPU
		{0398CCE6-7B0A-4D3D-BBC3-A32A40A91100}.Release|Any CPU.Build.0 = Release|Any CPU
		{0398CCE6-7B0A-4D3D-BBC3-A32A40A91100}.Release|Mixed Platforms.ActiveCfg = Release|x86
		{0398CCE6-7B0A-4D3D-BBC3-A32A40A91100}.Release|Mixed Platforms.Build.0 = Release|x86
		{0398CCE6-7B0A-4D3D-BBC3-A32A40A91100}.Release|x86.ActiveCfg = Release|x86
		{0398CCE6-7B0A-4D3D-BBC3-A32A40A91100}.Release|x86.Build.0 = Release|x86
		{83158E9B-11D4-4467-B480-4320C73430CC}.Debug|Any CPU.ActiveCfg = Debug|Any CPU
		{83158E9B-11D4-4467-B480-4320C73430CC}.Debug|Any CPU.Build.0 = Debug|Any CPU
		{83158E9B-11D4-4467-B480-4320C73430CC}.Debug|Mixed Platforms.ActiveCfg = Debug|x86
		{83158E9B-11D4-4467-B480-4320C73430CC}.Debug|Mixed Platforms.Build.0 = Debug|x86
		{83158E9B-11D4-4467-B480-4320C73430CC}.Debug|x86.ActiveCfg = Debug|x86
		{83158E9B-11D4-4467-B480-4320C73430CC}.Debug|x86.Build.0 = Debug|x86
		{83158E9B-11D4-4467-B480-4320C73430CC}.Release|Any CPU.ActiveCfg = Release|Any CPU
		{83158E9B-11D4-4467-B480-4320C73430CC}.Release|Any CPU.Build.0 = Release|Any CPU
		{83158E9B-11D4-4467-B480-4320C73430CC}.Release|Mixed Platforms.ActiveCfg = Release|Any CPU
		{83158E9B-11D4-4467-B480-4320C73430CC}.Release|Mixed Platforms.Build.0 = Release|Any CPU
		{83158E9B-11D4-4467-B480-4320C73430CC}.Release|x86.ActiveCfg = Release|x86
		{83158E9B-11D4-4467-B480-4320C73430CC}.Release|x86.Build.0 = Release|x86
		{319B6DFF-E704-4FC6-B297-EE9E13BB9DFC}.Debug|Any CPU.ActiveCfg = Debug|Any CPU
		{319B6DFF-E704-4FC6-B297-EE9E13BB9DFC}.Debug|Any CPU.Build.0 = Debug|Any CPU
		{319B6DFF-E704-4FC6-B297-EE9E13BB9DFC}.Debug|Mixed Platforms.ActiveCfg = Debug|x86
		{319B6DFF-E704-4FC6-B297-EE9E13BB9DFC}.Debug|Mixed Platforms.Build.0 = Debug|x86
		{319B6DFF-E704-4FC6-B297-EE9E13BB9DFC}.Debug|x86.ActiveCfg = Debug|x86
		{319B6DFF-E704-4FC6-B297-EE9E13BB9DFC}.Debug|x86.Build.0 = Debug|x86
		{319B6DFF-E704-4FC6-B297-EE9E13BB9DFC}.Release|Any CPU.ActiveCfg = Release|Any CPU
		{319B6DFF-E704-4FC6-B297-EE9E13BB9DFC}.Release|Any CPU.Build.0 = Release|Any CPU
		{319B6DFF-E704-4FC6-B297-EE9E13BB9DFC}.Release|Mixed Platforms.ActiveCfg = Release|x86
		{319B6DFF-E704-4FC6-B297-EE9E13BB9DFC}.Release|Mixed Platforms.Build.0 = Release|x86
		{319B6DFF-E704-4FC6-B297-EE9E13BB9DFC}.Release|x86.ActiveCfg = Release|x86
		{319B6DFF-E704-4FC6-B297-EE9E13BB9DFC}.Release|x86.Build.0 = Release|x86
		{CF89F1E7-B49F-4503-A023-919AC9EE6BDF}.Debug|Any CPU.ActiveCfg = Debug|Any CPU
		{CF89F1E7-B49F-4503-A023-919AC9EE6BDF}.Debug|Any CPU.Build.0 = Debug|Any CPU
		{CF89F1E7-B49F-4503-A023-919AC9EE6BDF}.Debug|Mixed Platforms.ActiveCfg = Debug|x86
		{CF89F1E7-B49F-4503-A023-919AC9EE6BDF}.Debug|Mixed Platforms.Build.0 = Debug|x86
		{CF89F1E7-B49F-4503-A023-919AC9EE6BDF}.Debug|x86.ActiveCfg = Debug|x86
		{CF89F1E7-B49F-4503-A023-919AC9EE6BDF}.Debug|x86.Build.0 = Debug|x86
		{CF89F1E7-B49F-4503-A023-919AC9EE6BDF}.Release|Any CPU.ActiveCfg = Release|Any CPU
		{CF89F1E7-B49F-4503-A023-919AC9EE6BDF}.Release|Any CPU.Build.0 = Release|Any CPU
		{CF89F1E7-B49F-4503-A023-919AC9EE6BDF}.Release|Mixed Platforms.ActiveCfg = Release|x86
		{CF89F1E7-B49F-4503-A023-919AC9EE6BDF}.Release|Mixed Platforms.Build.0 = Release|x86
		{CF89F1E7-B49F-4503-A023-919AC9EE6BDF}.Release|x86.ActiveCfg = Release|x86
		{CF89F1E7-B49F-4503-A023-919AC9EE6BDF}.Release|x86.Build.0 = Release|x86
		{019598CC-A0E8-4D6D-A710-361DD5940D84}.Debug|Any CPU.ActiveCfg = Debug|Any CPU
		{019598CC-A0E8-4D6D-A710-361DD5940D84}.Debug|Any CPU.Build.0 = Debug|Any CPU
		{019598CC-A0E8-4D6D-A710-361DD5940D84}.Debug|Mixed Platforms.ActiveCfg = Debug|x86
		{019598CC-A0E8-4D6D-A710-361DD5940D84}.Debug|Mixed Platforms.Build.0 = Debug|x86
		{019598CC-A0E8-4D6D-A710-361DD5940D84}.Debug|x86.ActiveCfg = Debug|x86
		{019598CC-A0E8-4D6D-A710-361DD5940D84}.Debug|x86.Build.0 = Debug|x86
		{019598CC-A0E8-4D6D-A710-361DD5940D84}.Release|Any CPU.ActiveCfg = Release|Any CPU
		{019598CC-A0E8-4D6D-A710-361DD5940D84}.Release|Any CPU.Build.0 = Release|Any CPU
		{019598CC-A0E8-4D6D-A710-361DD5940D84}.Release|Mixed Platforms.ActiveCfg = Release|x86
		{019598CC-A0E8-4D6D-A710-361DD5940D84}.Release|Mixed Platforms.Build.0 = Release|x86
		{019598CC-A0E8-4D6D-A710-361DD5940D84}.Release|x86.ActiveCfg = Release|x86
		{019598CC-A0E8-4D6D-A710-361DD5940D84}.Release|x86.Build.0 = Release|x86
		{123B31ED-7438-4DCC-B246-526BA61F788C}.Debug|Any CPU.ActiveCfg = Debug|Any CPU
		{123B31ED-7438-4DCC-B246-526BA61F788C}.Debug|Any CPU.Build.0 = Debug|Any CPU
		{123B31ED-7438-4DCC-B246-526BA61F788C}.Debug|Mixed Platforms.ActiveCfg = Debug|x86
		{123B31ED-7438-4DCC-B246-526BA61F788C}.Debug|Mixed Platforms.Build.0 = Debug|x86
		{123B31ED-7438-4DCC-B246-526BA61F788C}.Debug|x86.ActiveCfg = Debug|x86
		{123B31ED-7438-4DCC-B246-526BA61F788C}.Debug|x86.Build.0 = Debug|x86
		{123B31ED-7438-4DCC-B246-526BA61F788C}.Release|Any CPU.ActiveCfg = Release|Any CPU
		{123B31ED-7438-4DCC-B246-526BA61F788C}.Release|Any CPU.Build.0 = Release|Any CPU
		{123B31ED-7438-4DCC-B246-526BA61F788C}.Release|Mixed Platforms.ActiveCfg = Release|x86
		{123B31ED-7438-4DCC-B246-526BA61F788C}.Release|Mixed Platforms.Build.0 = Release|x86
		{123B31ED-7438-4DCC-B246-526BA61F788C}.Release|x86.ActiveCfg = Release|x86
		{123B31ED-7438-4DCC-B246-526BA61F788C}.Release|x86.Build.0 = Release|x86
		{0C49309F-BA35-4897-8FAD-31CDB232FF4A}.Debug|Any CPU.ActiveCfg = Debug|Any CPU
		{0C49309F-BA35-4897-8FAD-31CDB232FF4A}.Debug|Any CPU.Build.0 = Debug|Any CPU
		{0C49309F-BA35-4897-8FAD-31CDB232FF4A}.Debug|Mixed Platforms.ActiveCfg = Debug|x86
		{0C49309F-BA35-4897-8FAD-31CDB232FF4A}.Debug|Mixed Platforms.Build.0 = Debug|x86
		{0C49309F-BA35-4897-8FAD-31CDB232FF4A}.Debug|x86.ActiveCfg = Debug|x86
		{0C49309F-BA35-4897-8FAD-31CDB232FF4A}.Debug|x86.Build.0 = Debug|x86
		{0C49309F-BA35-4897-8FAD-31CDB232FF4A}.Release|Any CPU.ActiveCfg = Release|Any CPU
		{0C49309F-BA35-4897-8FAD-31CDB232FF4A}.Release|Any CPU.Build.0 = Release|Any CPU
		{0C49309F-BA35-4897-8FAD-31CDB232FF4A}.Release|Mixed Platforms.ActiveCfg = Release|x86
		{0C49309F-BA35-4897-8FAD-31CDB232FF4A}.Release|Mixed Platforms.Build.0 = Release|x86
		{0C49309F-BA35-4897-8FAD-31CDB232FF4A}.Release|x86.ActiveCfg = Release|x86
		{0C49309F-BA35-4897-8FAD-31CDB232FF4A}.Release|x86.Build.0 = Release|x86
		{5DA5C250-3CF6-4747-97F0-4F39339CB224}.Debug|Any CPU.ActiveCfg = Debug|Any CPU
		{5DA5C250-3CF6-4747-97F0-4F39339CB224}.Debug|Any CPU.Build.0 = Debug|Any CPU
		{5DA5C250-3CF6-4747-97F0-4F39339CB224}.Debug|Mixed Platforms.ActiveCfg = Debug|x86
		{5DA5C250-3CF6-4747-97F0-4F39339CB224}.Debug|Mixed Platforms.Build.0 = Debug|x86
		{5DA5C250-3CF6-4747-97F0-4F39339CB224}.Debug|x86.ActiveCfg = Debug|x86
		{5DA5C250-3CF6-4747-97F0-4F39339CB224}.Debug|x86.Build.0 = Debug|x86
		{5DA5C250-3CF6-4747-97F0-4F39339CB224}.Release|Any CPU.ActiveCfg = Release|Any CPU
		{5DA5C250-3CF6-4747-97F0-4F39339CB224}.Release|Any CPU.Build.0 = Release|Any CPU
		{5DA5C250-3CF6-4747-97F0-4F39339CB224}.Release|Mixed Platforms.ActiveCfg = Release|x86
		{5DA5C250-3CF6-4747-97F0-4F39339CB224}.Release|Mixed Platforms.Build.0 = Release|x86
		{5DA5C250-3CF6-4747-97F0-4F39339CB224}.Release|x86.ActiveCfg = Release|x86
		{5DA5C250-3CF6-4747-97F0-4F39339CB224}.Release|x86.Build.0 = Release|x86
		{2784967D-1D33-43DC-8E61-0C7D9CFF5CAD}.Debug|Any CPU.ActiveCfg = Debug|Any CPU
		{2784967D-1D33-43DC-8E61-0C7D9CFF5CAD}.Debug|Any CPU.Build.0 = Debug|Any CPU
		{2784967D-1D33-43DC-8E61-0C7D9CFF5CAD}.Debug|Mixed Platforms.ActiveCfg = Debug|x86
		{2784967D-1D33-43DC-8E61-0C7D9CFF5CAD}.Debug|Mixed Platforms.Build.0 = Debug|x86
		{2784967D-1D33-43DC-8E61-0C7D9CFF5CAD}.Debug|x86.ActiveCfg = Debug|x86
		{2784967D-1D33-43DC-8E61-0C7D9CFF5CAD}.Debug|x86.Build.0 = Debug|x86
		{2784967D-1D33-43DC-8E61-0C7D9CFF5CAD}.Release|Any CPU.ActiveCfg = Release|Any CPU
		{2784967D-1D33-43DC-8E61-0C7D9CFF5CAD}.Release|Any CPU.Build.0 = Release|Any CPU
		{2784967D-1D33-43DC-8E61-0C7D9CFF5CAD}.Release|Mixed Platforms.ActiveCfg = Release|x86
		{2784967D-1D33-43DC-8E61-0C7D9CFF5CAD}.Release|Mixed Platforms.Build.0 = Release|x86
		{2784967D-1D33-43DC-8E61-0C7D9CFF5CAD}.Release|x86.ActiveCfg = Release|x86
		{2784967D-1D33-43DC-8E61-0C7D9CFF5CAD}.Release|x86.Build.0 = Release|x86
		{EAB7BAB8-7BA2-4C11-AF0F-3084E7BBC925}.Debug|Any CPU.ActiveCfg = Debug|Any CPU
		{EAB7BAB8-7BA2-4C11-AF0F-3084E7BBC925}.Debug|Any CPU.Build.0 = Debug|Any CPU
		{EAB7BAB8-7BA2-4C11-AF0F-3084E7BBC925}.Debug|Mixed Platforms.ActiveCfg = Debug|x86
		{EAB7BAB8-7BA2-4C11-AF0F-3084E7BBC925}.Debug|Mixed Platforms.Build.0 = Debug|x86
		{EAB7BAB8-7BA2-4C11-AF0F-3084E7BBC925}.Debug|x86.ActiveCfg = Debug|x86
		{EAB7BAB8-7BA2-4C11-AF0F-3084E7BBC925}.Debug|x86.Build.0 = Debug|x86
		{EAB7BAB8-7BA2-4C11-AF0F-3084E7BBC925}.Release|Any CPU.ActiveCfg = Release|Any CPU
		{EAB7BAB8-7BA2-4C11-AF0F-3084E7BBC925}.Release|Any CPU.Build.0 = Release|Any CPU
		{EAB7BAB8-7BA2-4C11-AF0F-3084E7BBC925}.Release|Mixed Platforms.ActiveCfg = Release|x86
		{EAB7BAB8-7BA2-4C11-AF0F-3084E7BBC925}.Release|Mixed Platforms.Build.0 = Release|x86
		{EAB7BAB8-7BA2-4C11-AF0F-3084E7BBC925}.Release|x86.ActiveCfg = Release|x86
		{EAB7BAB8-7BA2-4C11-AF0F-3084E7BBC925}.Release|x86.Build.0 = Release|x86
		{5B6261D3-6AC5-4250-8A43-8A4EBCC1B236}.Debug|Any CPU.ActiveCfg = Debug|Any CPU
		{5B6261D3-6AC5-4250-8A43-8A4EBCC1B236}.Debug|Any CPU.Build.0 = Debug|Any CPU
		{5B6261D3-6AC5-4250-8A43-8A4EBCC1B236}.Debug|Mixed Platforms.ActiveCfg = Debug|x86
		{5B6261D3-6AC5-4250-8A43-8A4EBCC1B236}.Debug|Mixed Platforms.Build.0 = Debug|x86
		{5B6261D3-6AC5-4250-8A43-8A4EBCC1B236}.Debug|x86.ActiveCfg = Debug|x86
		{5B6261D3-6AC5-4250-8A43-8A4EBCC1B236}.Debug|x86.Build.0 = Debug|x86
		{5B6261D3-6AC5-4250-8A43-8A4EBCC1B236}.Release|Any CPU.ActiveCfg = Release|Any CPU
		{5B6261D3-6AC5-4250-8A43-8A4EBCC1B236}.Release|Any CPU.Build.0 = Release|Any CPU
		{5B6261D3-6AC5-4250-8A43-8A4EBCC1B236}.Release|Mixed Platforms.ActiveCfg = Release|x86
		{5B6261D3-6AC5-4250-8A43-8A4EBCC1B236}.Release|Mixed Platforms.Build.0 = Release|x86
		{5B6261D3-6AC5-4250-8A43-8A4EBCC1B236}.Release|x86.ActiveCfg = Release|x86
		{5B6261D3-6AC5-4250-8A43-8A4EBCC1B236}.Release|x86.Build.0 = Release|x86
		{B5623281-1119-4C29-8EC0-969292A02A77}.Debug|Any CPU.ActiveCfg = Debug|Any CPU
		{B5623281-1119-4C29-8EC0-969292A02A77}.Debug|Any CPU.Build.0 = Debug|Any CPU
		{B5623281-1119-4C29-8EC0-969292A02A77}.Debug|Mixed Platforms.ActiveCfg = Debug|x86
		{B5623281-1119-4C29-8EC0-969292A02A77}.Debug|Mixed Platforms.Build.0 = Debug|x86
		{B5623281-1119-4C29-8EC0-969292A02A77}.Debug|x86.ActiveCfg = Debug|x86
		{B5623281-1119-4C29-8EC0-969292A02A77}.Debug|x86.Build.0 = Debug|x86
		{B5623281-1119-4C29-8EC0-969292A02A77}.Release|Any CPU.ActiveCfg = Release|Any CPU
		{B5623281-1119-4C29-8EC0-969292A02A77}.Release|Any CPU.Build.0 = Release|Any CPU
		{B5623281-1119-4C29-8EC0-969292A02A77}.Release|Mixed Platforms.ActiveCfg = Release|x86
		{B5623281-1119-4C29-8EC0-969292A02A77}.Release|Mixed Platforms.Build.0 = Release|x86
		{B5623281-1119-4C29-8EC0-969292A02A77}.Release|x86.ActiveCfg = Release|x86
		{B5623281-1119-4C29-8EC0-969292A02A77}.Release|x86.Build.0 = Release|x86
		{CDF59B37-D9D0-40DD-8DB2-881F76E1C924}.Debug|Any CPU.ActiveCfg = Debug|Any CPU
		{CDF59B37-D9D0-40DD-8DB2-881F76E1C924}.Debug|Any CPU.Build.0 = Debug|Any CPU
		{CDF59B37-D9D0-40DD-8DB2-881F76E1C924}.Debug|Mixed Platforms.ActiveCfg = Debug|x86
		{CDF59B37-D9D0-40DD-8DB2-881F76E1C924}.Debug|Mixed Platforms.Build.0 = Debug|x86
		{CDF59B37-D9D0-40DD-8DB2-881F76E1C924}.Debug|x86.ActiveCfg = Debug|x86
		{CDF59B37-D9D0-40DD-8DB2-881F76E1C924}.Debug|x86.Build.0 = Debug|x86
		{CDF59B37-D9D0-40DD-8DB2-881F76E1C924}.Release|Any CPU.ActiveCfg = Release|Any CPU
		{CDF59B37-D9D0-40DD-8DB2-881F76E1C924}.Release|Any CPU.Build.0 = Release|Any CPU
		{CDF59B37-D9D0-40DD-8DB2-881F76E1C924}.Release|Mixed Platforms.ActiveCfg = Release|x86
		{CDF59B37-D9D0-40DD-8DB2-881F76E1C924}.Release|Mixed Platforms.Build.0 = Release|x86
		{CDF59B37-D9D0-40DD-8DB2-881F76E1C924}.Release|x86.ActiveCfg = Release|x86
		{CDF59B37-D9D0-40DD-8DB2-881F76E1C924}.Release|x86.Build.0 = Release|x86
		{F7747D08-1779-44FC-AC0B-B281A4D61210}.Debug|Any CPU.ActiveCfg = Debug|Any CPU
		{F7747D08-1779-44FC-AC0B-B281A4D61210}.Debug|Any CPU.Build.0 = Debug|Any CPU
		{F7747D08-1779-44FC-AC0B-B281A4D61210}.Debug|Mixed Platforms.ActiveCfg = Debug|x86
		{F7747D08-1779-44FC-AC0B-B281A4D61210}.Debug|Mixed Platforms.Build.0 = Debug|x86
		{F7747D08-1779-44FC-AC0B-B281A4D61210}.Debug|x86.ActiveCfg = Debug|x86
		{F7747D08-1779-44FC-AC0B-B281A4D61210}.Debug|x86.Build.0 = Debug|x86
		{F7747D08-1779-44FC-AC0B-B281A4D61210}.Release|Any CPU.ActiveCfg = Release|Any CPU
		{F7747D08-1779-44FC-AC0B-B281A4D61210}.Release|Any CPU.Build.0 = Release|Any CPU
		{F7747D08-1779-44FC-AC0B-B281A4D61210}.Release|Mixed Platforms.ActiveCfg = Release|x86
		{F7747D08-1779-44FC-AC0B-B281A4D61210}.Release|Mixed Platforms.Build.0 = Release|x86
		{F7747D08-1779-44FC-AC0B-B281A4D61210}.Release|x86.ActiveCfg = Release|x86
		{F7747D08-1779-44FC-AC0B-B281A4D61210}.Release|x86.Build.0 = Release|x86
		{EC50C818-088D-4BBB-A718-A6AD3BC80E44}.Debug|Any CPU.ActiveCfg = Debug|Any CPU
		{EC50C818-088D-4BBB-A718-A6AD3BC80E44}.Debug|Any CPU.Build.0 = Debug|Any CPU
		{EC50C818-088D-4BBB-A718-A6AD3BC80E44}.Debug|Mixed Platforms.ActiveCfg = Debug|x86
		{EC50C818-088D-4BBB-A718-A6AD3BC80E44}.Debug|Mixed Platforms.Build.0 = Debug|x86
		{EC50C818-088D-4BBB-A718-A6AD3BC80E44}.Debug|x86.ActiveCfg = Debug|x86
		{EC50C818-088D-4BBB-A718-A6AD3BC80E44}.Debug|x86.Build.0 = Debug|x86
		{EC50C818-088D-4BBB-A718-A6AD3BC80E44}.Release|Any CPU.ActiveCfg = Release|Any CPU
		{EC50C818-088D-4BBB-A718-A6AD3BC80E44}.Release|Any CPU.Build.0 = Release|Any CPU
		{EC50C818-088D-4BBB-A718-A6AD3BC80E44}.Release|Mixed Platforms.ActiveCfg = Release|x86
		{EC50C818-088D-4BBB-A718-A6AD3BC80E44}.Release|Mixed Platforms.Build.0 = Release|x86
		{EC50C818-088D-4BBB-A718-A6AD3BC80E44}.Release|x86.ActiveCfg = Release|x86
		{EC50C818-088D-4BBB-A718-A6AD3BC80E44}.Release|x86.Build.0 = Release|x86
		{782FF422-448A-46A8-8308-4077EC0FCB70}.Debug|Any CPU.ActiveCfg = Debug|Any CPU
		{782FF422-448A-46A8-8308-4077EC0FCB70}.Debug|Any CPU.Build.0 = Debug|Any CPU
		{782FF422-448A-46A8-8308-4077EC0FCB70}.Debug|Mixed Platforms.ActiveCfg = Debug|x86
		{782FF422-448A-46A8-8308-4077EC0FCB70}.Debug|Mixed Platforms.Build.0 = Debug|x86
		{782FF422-448A-46A8-8308-4077EC0FCB70}.Debug|x86.ActiveCfg = Debug|x86
		{782FF422-448A-46A8-8308-4077EC0FCB70}.Debug|x86.Build.0 = Debug|x86
		{782FF422-448A-46A8-8308-4077EC0FCB70}.Release|Any CPU.ActiveCfg = Release|Any CPU
		{782FF422-448A-46A8-8308-4077EC0FCB70}.Release|Any CPU.Build.0 = Release|Any CPU
		{782FF422-448A-46A8-8308-4077EC0FCB70}.Release|Mixed Platforms.ActiveCfg = Release|x86
		{782FF422-448A-46A8-8308-4077EC0FCB70}.Release|Mixed Platforms.Build.0 = Release|x86
		{782FF422-448A-46A8-8308-4077EC0FCB70}.Release|x86.ActiveCfg = Release|x86
		{782FF422-448A-46A8-8308-4077EC0FCB70}.Release|x86.Build.0 = Release|x86
		{41127EDC-B6C0-4053-B30F-25D51F411DBA}.Debug|Any CPU.ActiveCfg = Debug|Any CPU
		{41127EDC-B6C0-4053-B30F-25D51F411DBA}.Debug|Any CPU.Build.0 = Debug|Any CPU
		{41127EDC-B6C0-4053-B30F-25D51F411DBA}.Debug|Mixed Platforms.ActiveCfg = Debug|x86
		{41127EDC-B6C0-4053-B30F-25D51F411DBA}.Debug|Mixed Platforms.Build.0 = Debug|x86
		{41127EDC-B6C0-4053-B30F-25D51F411DBA}.Debug|x86.ActiveCfg = Debug|x86
		{41127EDC-B6C0-4053-B30F-25D51F411DBA}.Debug|x86.Build.0 = Debug|x86
		{41127EDC-B6C0-4053-B30F-25D51F411DBA}.Release|Any CPU.ActiveCfg = Release|Any CPU
		{41127EDC-B6C0-4053-B30F-25D51F411DBA}.Release|Any CPU.Build.0 = Release|Any CPU
		{41127EDC-B6C0-4053-B30F-25D51F411DBA}.Release|Mixed Platforms.ActiveCfg = Release|x86
		{41127EDC-B6C0-4053-B30F-25D51F411DBA}.Release|Mixed Platforms.Build.0 = Release|x86
		{41127EDC-B6C0-4053-B30F-25D51F411DBA}.Release|x86.ActiveCfg = Release|x86
		{41127EDC-B6C0-4053-B30F-25D51F411DBA}.Release|x86.Build.0 = Release|x86
		{E8E66F61-CFEC-4B65-859B-113D3B657A10}.Debug|Any CPU.ActiveCfg = Debug|Any CPU
		{E8E66F61-CFEC-4B65-859B-113D3B657A10}.Debug|Any CPU.Build.0 = Debug|Any CPU
		{E8E66F61-CFEC-4B65-859B-113D3B657A10}.Debug|Mixed Platforms.ActiveCfg = Debug|x86
		{E8E66F61-CFEC-4B65-859B-113D3B657A10}.Debug|Mixed Platforms.Build.0 = Debug|x86
		{E8E66F61-CFEC-4B65-859B-113D3B657A10}.Debug|x86.ActiveCfg = Debug|x86
		{E8E66F61-CFEC-4B65-859B-113D3B657A10}.Debug|x86.Build.0 = Debug|x86
		{E8E66F61-CFEC-4B65-859B-113D3B657A10}.Release|Any CPU.ActiveCfg = Release|Any CPU
		{E8E66F61-CFEC-4B65-859B-113D3B657A10}.Release|Any CPU.Build.0 = Release|Any CPU
		{E8E66F61-CFEC-4B65-859B-113D3B657A10}.Release|Mixed Platforms.ActiveCfg = Release|x86
		{E8E66F61-CFEC-4B65-859B-113D3B657A10}.Release|Mixed Platforms.Build.0 = Release|x86
		{E8E66F61-CFEC-4B65-859B-113D3B657A10}.Release|x86.ActiveCfg = Release|x86
		{E8E66F61-CFEC-4B65-859B-113D3B657A10}.Release|x86.Build.0 = Release|x86
		{2FED7D2B-DBB6-4D80-B316-7C99DC6CA3CD}.Debug|Any CPU.ActiveCfg = Debug|Any CPU
		{2FED7D2B-DBB6-4D80-B316-7C99DC6CA3CD}.Debug|Any CPU.Build.0 = Debug|Any CPU
		{2FED7D2B-DBB6-4D80-B316-7C99DC6CA3CD}.Debug|Mixed Platforms.ActiveCfg = Debug|Any CPU
		{2FED7D2B-DBB6-4D80-B316-7C99DC6CA3CD}.Debug|Mixed Platforms.Build.0 = Debug|Any CPU
		{2FED7D2B-DBB6-4D80-B316-7C99DC6CA3CD}.Debug|x86.ActiveCfg = Debug|Any CPU
		{2FED7D2B-DBB6-4D80-B316-7C99DC6CA3CD}.Release|Any CPU.ActiveCfg = Release|Any CPU
		{2FED7D2B-DBB6-4D80-B316-7C99DC6CA3CD}.Release|Any CPU.Build.0 = Release|Any CPU
		{2FED7D2B-DBB6-4D80-B316-7C99DC6CA3CD}.Release|Mixed Platforms.ActiveCfg = Release|Any CPU
		{2FED7D2B-DBB6-4D80-B316-7C99DC6CA3CD}.Release|Mixed Platforms.Build.0 = Release|Any CPU
		{2FED7D2B-DBB6-4D80-B316-7C99DC6CA3CD}.Release|x86.ActiveCfg = Release|Any CPU
		{E8F4F49B-808C-4EFD-BE42-FC3175428C7A}.Debug|Any CPU.ActiveCfg = Debug|Any CPU
		{E8F4F49B-808C-4EFD-BE42-FC3175428C7A}.Debug|Any CPU.Build.0 = Debug|Any CPU
		{E8F4F49B-808C-4EFD-BE42-FC3175428C7A}.Debug|Mixed Platforms.ActiveCfg = Debug|Any CPU
		{E8F4F49B-808C-4EFD-BE42-FC3175428C7A}.Debug|Mixed Platforms.Build.0 = Debug|Any CPU
		{E8F4F49B-808C-4EFD-BE42-FC3175428C7A}.Debug|x86.ActiveCfg = Debug|Any CPU
		{E8F4F49B-808C-4EFD-BE42-FC3175428C7A}.Release|Any CPU.ActiveCfg = Release|Any CPU
		{E8F4F49B-808C-4EFD-BE42-FC3175428C7A}.Release|Any CPU.Build.0 = Release|Any CPU
		{E8F4F49B-808C-4EFD-BE42-FC3175428C7A}.Release|Mixed Platforms.ActiveCfg = Release|Any CPU
		{E8F4F49B-808C-4EFD-BE42-FC3175428C7A}.Release|Mixed Platforms.Build.0 = Release|Any CPU
		{E8F4F49B-808C-4EFD-BE42-FC3175428C7A}.Release|x86.ActiveCfg = Release|Any CPU
		{D81E4021-39E5-480D-B9CA-043C216B625D}.Debug|Any CPU.ActiveCfg = Debug|Any CPU
		{D81E4021-39E5-480D-B9CA-043C216B625D}.Debug|Any CPU.Build.0 = Debug|Any CPU
		{D81E4021-39E5-480D-B9CA-043C216B625D}.Debug|Mixed Platforms.ActiveCfg = Debug|x86
		{D81E4021-39E5-480D-B9CA-043C216B625D}.Debug|Mixed Platforms.Build.0 = Debug|x86
		{D81E4021-39E5-480D-B9CA-043C216B625D}.Debug|x86.ActiveCfg = Debug|x86
		{D81E4021-39E5-480D-B9CA-043C216B625D}.Debug|x86.Build.0 = Debug|x86
		{D81E4021-39E5-480D-B9CA-043C216B625D}.Release|Any CPU.ActiveCfg = Release|Any CPU
		{D81E4021-39E5-480D-B9CA-043C216B625D}.Release|Any CPU.Build.0 = Release|Any CPU
		{D81E4021-39E5-480D-B9CA-043C216B625D}.Release|Mixed Platforms.ActiveCfg = Release|x86
		{D81E4021-39E5-480D-B9CA-043C216B625D}.Release|Mixed Platforms.Build.0 = Release|x86
		{D81E4021-39E5-480D-B9CA-043C216B625D}.Release|x86.ActiveCfg = Release|x86
		{D81E4021-39E5-480D-B9CA-043C216B625D}.Release|x86.Build.0 = Release|x86
		{D6F56CE6-4564-4266-B2B8-9DF573B2642F}.Debug|Any CPU.ActiveCfg = Debug|Any CPU
		{D6F56CE6-4564-4266-B2B8-9DF573B2642F}.Debug|Any CPU.Build.0 = Debug|Any CPU
		{D6F56CE6-4564-4266-B2B8-9DF573B2642F}.Debug|Mixed Platforms.ActiveCfg = Debug|x86
		{D6F56CE6-4564-4266-B2B8-9DF573B2642F}.Debug|Mixed Platforms.Build.0 = Debug|x86
		{D6F56CE6-4564-4266-B2B8-9DF573B2642F}.Debug|x86.ActiveCfg = Debug|x86
		{D6F56CE6-4564-4266-B2B8-9DF573B2642F}.Debug|x86.Build.0 = Debug|x86
		{D6F56CE6-4564-4266-B2B8-9DF573B2642F}.Release|Any CPU.ActiveCfg = Release|Any CPU
		{D6F56CE6-4564-4266-B2B8-9DF573B2642F}.Release|Any CPU.Build.0 = Release|Any CPU
		{D6F56CE6-4564-4266-B2B8-9DF573B2642F}.Release|Mixed Platforms.ActiveCfg = Release|x86
		{D6F56CE6-4564-4266-B2B8-9DF573B2642F}.Release|Mixed Platforms.Build.0 = Release|x86
		{D6F56CE6-4564-4266-B2B8-9DF573B2642F}.Release|x86.ActiveCfg = Release|x86
		{D6F56CE6-4564-4266-B2B8-9DF573B2642F}.Release|x86.Build.0 = Release|x86
	EndGlobalSection
	GlobalSection(SolutionProperties) = preSolution
		HideSolutionNode = FALSE
	EndGlobalSection
EndGlobal
