
Microsoft Visual Studio Solution File, Format Version 12.00
# Visual Studio Version 16
VisualStudioVersion = 16.0.28803.156
MinimumVisualStudioVersion = 10.0.40219.1
Project("{9A19103F-16F7-4668-BE54-9A1E7A4F7556}") = "CommonUtils", "CommonUtils\CommonUtils.csproj", "{EBFCA1B5-23F1-4F94-928A-DB1A7B98EED6}"
EndProject
Project("{FAE04EC0-301F-11D3-BF4B-00C04F79EFBC}") = "FigKey.CodeGenerator", "FigKey.CodeGenerator\FigKey.CodeGenerator.csproj", "{0348CBE7-FD2E-4D58-93CF-5B59AF85D55B}"
EndProject
Project("{FAE04EC0-301F-11D3-BF4B-00C04F79EFBC}") = "FigKey.Util", "FigKey.Util\FigKey.Util.csproj", "{E6A51660-A125-47E3-A832-76D5EA7C0B7C}"
EndProject
Project("{2150E333-8FDC-42A3-9474-1A3956D46DE8}") = "01 Util 工具", "01 Util 工具", "{1EEB2A2A-86C7-4DD7-B00A-FD0CDFB83FC6}"
EndProject
Project("{2150E333-8FDC-42A3-9474-1A3956D46DE8}") = "02 代码生成器", "02 代码生成器", "{5421FC27-4222-4322-B4AA-F753A6E04773}"
EndProject
Project("{2150E333-8FDC-42A3-9474-1A3956D46DE8}") = "03 Cache 数据缓存", "03 Cache 数据缓存", "{46D7DB9F-D4D2-40E1-B1E3-A6B2ECE2D6EF}"
EndProject
Project("{2150E333-8FDC-42A3-9474-1A3956D46DE8}") = "04 DataAccess 数据库核心层", "04 DataAccess 数据库核心层", "{5BF58695-4516-4E69-ACCD-274A7F8FEFD3}"
EndProject
Project("{2150E333-8FDC-42A3-9474-1A3956D46DE8}") = "05 Application 业务逻辑层", "05 Application 业务逻辑层", "{77F33688-85F0-43F5-88F8-153C4901D91D}"
EndProject
Project("{2150E333-8FDC-42A3-9474-1A3956D46DE8}") = "06 Application 界面应用层", "06 Application 界面应用层", "{E0E45953-BF95-458A-B0B2-A8F2D44F4A7E}"
EndProject
Project("{2150E333-8FDC-42A3-9474-1A3956D46DE8}") = "07 WebApp 手机端应用", "07 WebApp 手机端应用", "{77E354DB-A570-471E-8F95-40AB75AF73BD}"
EndProject
Project("{2150E333-8FDC-42A3-9474-1A3956D46DE8}") = "08 WebAPI", "08 WebAPI", "{1077D4F4-6DFA-4B96-A051-AFE98EE8C80A}"
EndProject
Project("{2150E333-8FDC-42A3-9474-1A3956D46DE8}") = "09 Wcf", "09 Wcf", "{C57F512E-71BD-4554-90F5-C1F66B5FAB85}"
EndProject
Project("{2150E333-8FDC-42A3-9474-1A3956D46DE8}") = "10 Windows Services", "10 Windows Services", "{7A96A327-2A37-47D0-B321-AD40E56E1516}"
EndProject
Project("{2150E333-8FDC-42A3-9474-1A3956D46DE8}") = "11 Tcp Server", "11 Tcp Server", "{5A979421-934F-4CD4-A8D6-A814B95C2D35}"
EndProject
Project("{2150E333-8FDC-42A3-9474-1A3956D46DE8}") = "12 硬件通讯", "12 硬件通讯", "{2CAABCFD-A89A-41A1-B35A-D488841261C2}"
EndProject
Project("{2150E333-8FDC-42A3-9474-1A3956D46DE8}") = "01 PLC", "01 PLC", "{5C49C503-3D8E-4E30-AC7F-F91CD1F5CE0C}"
EndProject
Project("{2150E333-8FDC-42A3-9474-1A3956D46DE8}") = "02 串口", "02 串口", "{F953D9E5-E843-496F-A453-6AFA3C52313D}"
EndProject
Project("{FAE04EC0-301F-11D3-BF4B-00C04F79EFBC}") = "FigKey.Util.Extension", "FigKey.Util.Extension\FigKey.Util.Extension.csproj", "{E5A60DD6-FAD4-47C0-93C0-3C358E7435B9}"
EndProject
Project("{2150E333-8FDC-42A3-9474-1A3956D46DE8}") = "TestSample", "TestSample", "{0B5F1726-265A-468B-BF62-080C15A87F35}"
EndProject
Project("{2150E333-8FDC-42A3-9474-1A3956D46DE8}") = "01 代码生成器", "01 代码生成器", "{F5AA7C70-241F-40E9-B5E0-7D62B872D50C}"
EndProject
Project("{FAE04EC0-301F-11D3-BF4B-00C04F79EFBC}") = "CodeGeneratorTest", "CodeGeneratorTest\CodeGeneratorTest.csproj", "{51A231E9-C159-459F-BF17-866F2510236F}"
EndProject
Project("{FAE04EC0-301F-11D3-BF4B-00C04F79EFBC}") = "FigKey.DataBase", "FigKey.DataBase\FigKey.DataBase.csproj", "{746970A7-0EE7-4EE7-802D-B50392A1502B}"
EndProject
Project("{FAE04EC0-301F-11D3-BF4B-00C04F79EFBC}") = "FigKey.Application", "FigKey.Application\FigKey.Application.csproj", "{6455E3A9-4341-4E4D-BBE8-ACE46E1A60E3}"
EndProject
Global
	GlobalSection(SolutionConfigurationPlatforms) = preSolution
		Debug|Any CPU = Debug|Any CPU
		Release|Any CPU = Release|Any CPU
	EndGlobalSection
	GlobalSection(ProjectConfigurationPlatforms) = postSolution
		{EBFCA1B5-23F1-4F94-928A-DB1A7B98EED6}.Debug|Any CPU.ActiveCfg = Debug|Any CPU
		{EBFCA1B5-23F1-4F94-928A-DB1A7B98EED6}.Debug|Any CPU.Build.0 = Debug|Any CPU
		{EBFCA1B5-23F1-4F94-928A-DB1A7B98EED6}.Release|Any CPU.ActiveCfg = Release|Any CPU
		{EBFCA1B5-23F1-4F94-928A-DB1A7B98EED6}.Release|Any CPU.Build.0 = Release|Any CPU
		{0348CBE7-FD2E-4D58-93CF-5B59AF85D55B}.Debug|Any CPU.ActiveCfg = Debug|Any CPU
		{0348CBE7-FD2E-4D58-93CF-5B59AF85D55B}.Debug|Any CPU.Build.0 = Debug|Any CPU
		{0348CBE7-FD2E-4D58-93CF-5B59AF85D55B}.Release|Any CPU.ActiveCfg = Release|Any CPU
		{0348CBE7-FD2E-4D58-93CF-5B59AF85D55B}.Release|Any CPU.Build.0 = Release|Any CPU
		{E6A51660-A125-47E3-A832-76D5EA7C0B7C}.Debug|Any CPU.ActiveCfg = Debug|Any CPU
		{E6A51660-A125-47E3-A832-76D5EA7C0B7C}.Debug|Any CPU.Build.0 = Debug|Any CPU
		{E6A51660-A125-47E3-A832-76D5EA7C0B7C}.Release|Any CPU.ActiveCfg = Release|Any CPU
		{E6A51660-A125-47E3-A832-76D5EA7C0B7C}.Release|Any CPU.Build.0 = Release|Any CPU
		{E5A60DD6-FAD4-47C0-93C0-3C358E7435B9}.Debug|Any CPU.ActiveCfg = Debug|Any CPU
		{E5A60DD6-FAD4-47C0-93C0-3C358E7435B9}.Debug|Any CPU.Build.0 = Debug|Any CPU
		{E5A60DD6-FAD4-47C0-93C0-3C358E7435B9}.Release|Any CPU.ActiveCfg = Release|Any CPU
		{E5A60DD6-FAD4-47C0-93C0-3C358E7435B9}.Release|Any CPU.Build.0 = Release|Any CPU
		{51A231E9-C159-459F-BF17-866F2510236F}.Debug|Any CPU.ActiveCfg = Debug|Any CPU
		{51A231E9-C159-459F-BF17-866F2510236F}.Debug|Any CPU.Build.0 = Debug|Any CPU
		{51A231E9-C159-459F-BF17-866F2510236F}.Release|Any CPU.ActiveCfg = Release|Any CPU
		{51A231E9-C159-459F-BF17-866F2510236F}.Release|Any CPU.Build.0 = Release|Any CPU
		{746970A7-0EE7-4EE7-802D-B50392A1502B}.Debug|Any CPU.ActiveCfg = Debug|Any CPU
		{746970A7-0EE7-4EE7-802D-B50392A1502B}.Debug|Any CPU.Build.0 = Debug|Any CPU
		{746970A7-0EE7-4EE7-802D-B50392A1502B}.Release|Any CPU.ActiveCfg = Release|Any CPU
		{746970A7-0EE7-4EE7-802D-B50392A1502B}.Release|Any CPU.Build.0 = Release|Any CPU
		{6455E3A9-4341-4E4D-BBE8-ACE46E1A60E3}.Debug|Any CPU.ActiveCfg = Debug|Any CPU
		{6455E3A9-4341-4E4D-BBE8-ACE46E1A60E3}.Debug|Any CPU.Build.0 = Debug|Any CPU
		{6455E3A9-4341-4E4D-BBE8-ACE46E1A60E3}.Release|Any CPU.ActiveCfg = Release|Any CPU
		{6455E3A9-4341-4E4D-BBE8-ACE46E1A60E3}.Release|Any CPU.Build.0 = Release|Any CPU
	EndGlobalSection
	GlobalSection(SolutionProperties) = preSolution
		HideSolutionNode = FALSE
	EndGlobalSection
	GlobalSection(NestedProjects) = preSolution
		{0348CBE7-FD2E-4D58-93CF-5B59AF85D55B} = {5421FC27-4222-4322-B4AA-F753A6E04773}
		{E6A51660-A125-47E3-A832-76D5EA7C0B7C} = {1EEB2A2A-86C7-4DD7-B00A-FD0CDFB83FC6}
		{5C49C503-3D8E-4E30-AC7F-F91CD1F5CE0C} = {2CAABCFD-A89A-41A1-B35A-D488841261C2}
		{F953D9E5-E843-496F-A453-6AFA3C52313D} = {2CAABCFD-A89A-41A1-B35A-D488841261C2}
		{E5A60DD6-FAD4-47C0-93C0-3C358E7435B9} = {1EEB2A2A-86C7-4DD7-B00A-FD0CDFB83FC6}
		{F5AA7C70-241F-40E9-B5E0-7D62B872D50C} = {0B5F1726-265A-468B-BF62-080C15A87F35}
		{51A231E9-C159-459F-BF17-866F2510236F} = {F5AA7C70-241F-40E9-B5E0-7D62B872D50C}
		{746970A7-0EE7-4EE7-802D-B50392A1502B} = {5BF58695-4516-4E69-ACCD-274A7F8FEFD3}
		{6455E3A9-4341-4E4D-BBE8-ACE46E1A60E3} = {E0E45953-BF95-458A-B0B2-A8F2D44F4A7E}
	EndGlobalSection
	GlobalSection(ExtensibilityGlobals) = postSolution
		SolutionGuid = {2B7749BF-36B7-4B34-9F03-B6AAF9CC206F}
	EndGlobalSection
EndGlobal
